// !$*UTF8*$!
{
	archiveVersion = 1;
	classes = {
	};
	objectVersion = 56;
	objects = {

/* Begin PBXBuildFile section */
		878FA4572AFA1E4E00B99FC8 /* AppDelegate.swift in Sources */ = {isa = PBXBuildFile; fileRef = 878FA4562AFA1E4E00B99FC8 /* AppDelegate.swift */; };
		878FA45B2AFA1E4E00B99FC8 /* StarterVc.swift in Sources */ = {isa = PBXBuildFile; fileRef = 878FA45A2AFA1E4E00B99FC8 /* StarterVc.swift */; };
		878FA45E2AFA1E4E00B99FC8 /* Main.storyboard in Resources */ = {isa = PBXBuildFile; fileRef = 878FA45C2AFA1E4E00B99FC8 /* Main.storyboard */; };
		878FA4612AFA1E4E00B99FC8 /* SILKApp.xcdatamodeld in Sources */ = {isa = PBXBuildFile; fileRef = 878FA45F2AFA1E4E00B99FC8 /* SILKApp.xcdatamodeld */; };
		878FA4632AFA1E4F00B99FC8 /* Assets.xcassets in Resources */ = {isa = PBXBuildFile; fileRef = 878FA4622AFA1E4F00B99FC8 /* Assets.xcassets */; };
		878FA4712AFA1E4F00B99FC8 /* SILKAppTests.swift in Sources */ = {isa = PBXBuildFile; fileRef = 878FA4702AFA1E4F00B99FC8 /* SILKAppTests.swift */; };
		878FA47B2AFA1E4F00B99FC8 /* SILKAppUITests.swift in Sources */ = {isa = PBXBuildFile; fileRef = 878FA47A2AFA1E4F00B99FC8 /* SILKAppUITests.swift */; };
		878FA47D2AFA1E4F00B99FC8 /* SILKAppUITestsLaunchTests.swift in Sources */ = {isa = PBXBuildFile; fileRef = 878FA47C2AFA1E4F00B99FC8 /* SILKAppUITestsLaunchTests.swift */; };
		87C4A8C82AFABFAB003D2A99 /* AuthRouter.swift in Sources */ = {isa = PBXBuildFile; fileRef = 87C4A8C72AFABFAB003D2A99 /* AuthRouter.swift */; };
		87C4A8CB2AFAC005003D2A99 /* AuthClient.swift in Sources */ = {isa = PBXBuildFile; fileRef = 87C4A8CA2AFAC005003D2A99 /* AuthClient.swift */; };
		87C4A8CD2AFAC00F003D2A99 /* AuthService.swift in Sources */ = {isa = PBXBuildFile; fileRef = 87C4A8CC2AFAC00F003D2A99 /* AuthService.swift */; };
		87C4A8D02AFAC377003D2A99 /* AuthContainer.swift in Sources */ = {isa = PBXBuildFile; fileRef = 87C4A8CF2AFAC377003D2A99 /* AuthContainer.swift */; };
		87C4A8D82AFAC4EF003D2A99 /* HomeRouter.swift in Sources */ = {isa = PBXBuildFile; fileRef = 87C4A8D72AFAC4EF003D2A99 /* HomeRouter.swift */; };
		87C4A8DA2AFAC501003D2A99 /* HomeContainer.swift in Sources */ = {isa = PBXBuildFile; fileRef = 87C4A8D92AFAC501003D2A99 /* HomeContainer.swift */; };
		87C4A8DC2AFAC521003D2A99 /* HomeView.swift in Sources */ = {isa = PBXBuildFile; fileRef = 87C4A8DB2AFAC521003D2A99 /* HomeView.swift */; };
		87C4A8DE2AFAC53F003D2A99 /* LoginView.swift in Sources */ = {isa = PBXBuildFile; fileRef = 87C4A8DD2AFAC53F003D2A99 /* LoginView.swift */; };
		87C4A8E02AFAC5B4003D2A99 /* SilkButton.swift in Sources */ = {isa = PBXBuildFile; fileRef = 87C4A8DF2AFAC5B4003D2A99 /* SilkButton.swift */; };
		87C4A8E22AFAC608003D2A99 /* LoginVc.swift in Sources */ = {isa = PBXBuildFile; fileRef = 87C4A8E12AFAC608003D2A99 /* LoginVc.swift */; };
		87C4A8ED2AFAE044003D2A99 /* SilkLabel.swift in Sources */ = {isa = PBXBuildFile; fileRef = 87C4A8EC2AFAE044003D2A99 /* SilkLabel.swift */; };
		87C4A8EF2AFAE19B003D2A99 /* FontLibrary.swift in Sources */ = {isa = PBXBuildFile; fileRef = 87C4A8EE2AFAE19B003D2A99 /* FontLibrary.swift */; };
		87C4A8F52AFAE882003D2A99 /* ProximaNova-Semibold.ttf in Resources */ = {isa = PBXBuildFile; fileRef = 87C4A8F32AFAE882003D2A99 /* ProximaNova-Semibold.ttf */; };
		87C4A8F62AFAE882003D2A99 /* ProximaNova-Regular.ttf in Resources */ = {isa = PBXBuildFile; fileRef = 87C4A8F42AFAE882003D2A99 /* ProximaNova-Regular.ttf */; };
		87C4A90B2AFAE892003D2A99 /* Gilroy-RegularItalic.ttf in Resources */ = {isa = PBXBuildFile; fileRef = 87C4A8F72AFAE892003D2A99 /* Gilroy-RegularItalic.ttf */; };
		87C4A90C2AFAE892003D2A99 /* Gilroy-UltraLightItalic.ttf in Resources */ = {isa = PBXBuildFile; fileRef = 87C4A8F82AFAE892003D2A99 /* Gilroy-UltraLightItalic.ttf */; };
		87C4A90D2AFAE892003D2A99 /* Gilroy-Black.ttf in Resources */ = {isa = PBXBuildFile; fileRef = 87C4A8F92AFAE892003D2A99 /* Gilroy-Black.ttf */; };
		87C4A90E2AFAE892003D2A99 /* Gilroy-Regular.ttf in Resources */ = {isa = PBXBuildFile; fileRef = 87C4A8FA2AFAE892003D2A99 /* Gilroy-Regular.ttf */; };
		87C4A90F2AFAE892003D2A99 /* Gilroy-SemiBold.ttf in Resources */ = {isa = PBXBuildFile; fileRef = 87C4A8FB2AFAE892003D2A99 /* Gilroy-SemiBold.ttf */; };
		87C4A9102AFAE892003D2A99 /* Gilroy-ExtraBold.ttf in Resources */ = {isa = PBXBuildFile; fileRef = 87C4A8FC2AFAE892003D2A99 /* Gilroy-ExtraBold.ttf */; };
		87C4A9112AFAE892003D2A99 /* Gilroy-BlackItalic.ttf in Resources */ = {isa = PBXBuildFile; fileRef = 87C4A8FD2AFAE892003D2A99 /* Gilroy-BlackItalic.ttf */; };
		87C4A9122AFAE892003D2A99 /* Gilroy-Heavy.ttf in Resources */ = {isa = PBXBuildFile; fileRef = 87C4A8FE2AFAE892003D2A99 /* Gilroy-Heavy.ttf */; };
		87C4A9132AFAE892003D2A99 /* Gilroy-MediumItalic.ttf in Resources */ = {isa = PBXBuildFile; fileRef = 87C4A8FF2AFAE892003D2A99 /* Gilroy-MediumItalic.ttf */; };
		87C4A9142AFAE892003D2A99 /* Gilroy-SemiBoldItalic.ttf in Resources */ = {isa = PBXBuildFile; fileRef = 87C4A9002AFAE892003D2A99 /* Gilroy-SemiBoldItalic.ttf */; };
		87C4A9152AFAE892003D2A99 /* Gilroy-BoldItalic.ttf in Resources */ = {isa = PBXBuildFile; fileRef = 87C4A9012AFAE892003D2A99 /* Gilroy-BoldItalic.ttf */; };
		87C4A9162AFAE892003D2A99 /* Gilroy-ExtraBoldItalic.ttf in Resources */ = {isa = PBXBuildFile; fileRef = 87C4A9022AFAE892003D2A99 /* Gilroy-ExtraBoldItalic.ttf */; };
		87C4A9172AFAE892003D2A99 /* Gilroy-ThinItalic.ttf in Resources */ = {isa = PBXBuildFile; fileRef = 87C4A9032AFAE892003D2A99 /* Gilroy-ThinItalic.ttf */; };
		87C4A9182AFAE892003D2A99 /* Gilroy-LightItalic.ttf in Resources */ = {isa = PBXBuildFile; fileRef = 87C4A9042AFAE892003D2A99 /* Gilroy-LightItalic.ttf */; };
		87C4A9192AFAE892003D2A99 /* Gilroy-Bold.ttf in Resources */ = {isa = PBXBuildFile; fileRef = 87C4A9052AFAE892003D2A99 /* Gilroy-Bold.ttf */; };
		87C4A91A2AFAE892003D2A99 /* Gilroy-Light.ttf in Resources */ = {isa = PBXBuildFile; fileRef = 87C4A9062AFAE892003D2A99 /* Gilroy-Light.ttf */; };
		87C4A91B2AFAE892003D2A99 /* Gilroy-HeavyItalic.ttf in Resources */ = {isa = PBXBuildFile; fileRef = 87C4A9072AFAE892003D2A99 /* Gilroy-HeavyItalic.ttf */; };
		87C4A91C2AFAE892003D2A99 /* Gilroy-Thin.ttf in Resources */ = {isa = PBXBuildFile; fileRef = 87C4A9082AFAE892003D2A99 /* Gilroy-Thin.ttf */; };
		87C4A91D2AFAE892003D2A99 /* Gilroy-Medium.ttf in Resources */ = {isa = PBXBuildFile; fileRef = 87C4A9092AFAE892003D2A99 /* Gilroy-Medium.ttf */; };
		87C4A91E2AFAE892003D2A99 /* Gilroy-UltraLight.ttf in Resources */ = {isa = PBXBuildFile; fileRef = 87C4A90A2AFAE892003D2A99 /* Gilroy-UltraLight.ttf */; };
		87C4A9222AFAEAE6003D2A99 /* Color.swift in Sources */ = {isa = PBXBuildFile; fileRef = 87C4A9212AFAEAE6003D2A99 /* Color.swift */; };
		C5C4449999F4BE4D59E4E812 /* Pods_SILKApp_SILKAppUITests.framework in Frameworks */ = {isa = PBXBuildFile; fileRef = FD744F25C43A06AE2B970FE4 /* Pods_SILKApp_SILKAppUITests.framework */; };
		F39B95BECBC3427BFBDAC70C /* Pods_SILKAppTests.framework in Frameworks */ = {isa = PBXBuildFile; fileRef = C5B00C32D05D87E1DDC16E57 /* Pods_SILKAppTests.framework */; };
		F49DFD74F9C82CD205B8B165 /* Pods_SILKApp.framework in Frameworks */ = {isa = PBXBuildFile; fileRef = 0093481700D137DF711392D6 /* Pods_SILKApp.framework */; };
/* End PBXBuildFile section */

/* Begin PBXContainerItemProxy section */
		878FA46D2AFA1E4F00B99FC8 /* PBXContainerItemProxy */ = {
			isa = PBXContainerItemProxy;
			containerPortal = 878FA44B2AFA1E4D00B99FC8 /* Project object */;
			proxyType = 1;
			remoteGlobalIDString = 878FA4522AFA1E4D00B99FC8;
			remoteInfo = SILKApp;
		};
		878FA4772AFA1E4F00B99FC8 /* PBXContainerItemProxy */ = {
			isa = PBXContainerItemProxy;
			containerPortal = 878FA44B2AFA1E4D00B99FC8 /* Project object */;
			proxyType = 1;
			remoteGlobalIDString = 878FA4522AFA1E4D00B99FC8;
			remoteInfo = SILKApp;
		};
/* End PBXContainerItemProxy section */

/* Begin PBXFileReference section */
		0093481700D137DF711392D6 /* Pods_SILKApp.framework */ = {isa = PBXFileReference; explicitFileType = wrapper.framework; includeInIndex = 0; path = Pods_SILKApp.framework; sourceTree = BUILT_PRODUCTS_DIR; };
		071E6D525A5BFB16A92A555D /* Pods-SILKAppTests.release.xcconfig */ = {isa = PBXFileReference; includeInIndex = 1; lastKnownFileType = text.xcconfig; name = "Pods-SILKAppTests.release.xcconfig"; path = "Target Support Files/Pods-SILKAppTests/Pods-SILKAppTests.release.xcconfig"; sourceTree = "<group>"; };
		14D78CA010EDA800CD9FD7DF /* Pods-SILKApp-SILKAppUITests.debug.xcconfig */ = {isa = PBXFileReference; includeInIndex = 1; lastKnownFileType = text.xcconfig; name = "Pods-SILKApp-SILKAppUITests.debug.xcconfig"; path = "Target Support Files/Pods-SILKApp-SILKAppUITests/Pods-SILKApp-SILKAppUITests.debug.xcconfig"; sourceTree = "<group>"; };
		3D85B2E524365D8BF64FE42A /* Pods-SILKAppTests.debug.xcconfig */ = {isa = PBXFileReference; includeInIndex = 1; lastKnownFileType = text.xcconfig; name = "Pods-SILKAppTests.debug.xcconfig"; path = "Target Support Files/Pods-SILKAppTests/Pods-SILKAppTests.debug.xcconfig"; sourceTree = "<group>"; };
		491AA9183467B521AD2A9BD5 /* Pods-SILKApp-SILKAppUITests.release.xcconfig */ = {isa = PBXFileReference; includeInIndex = 1; lastKnownFileType = text.xcconfig; name = "Pods-SILKApp-SILKAppUITests.release.xcconfig"; path = "Target Support Files/Pods-SILKApp-SILKAppUITests/Pods-SILKApp-SILKAppUITests.release.xcconfig"; sourceTree = "<group>"; };
		7E184F8A9B0F45FC69E93273 /* Pods-SILKApp.debug.xcconfig */ = {isa = PBXFileReference; includeInIndex = 1; lastKnownFileType = text.xcconfig; name = "Pods-SILKApp.debug.xcconfig"; path = "Target Support Files/Pods-SILKApp/Pods-SILKApp.debug.xcconfig"; sourceTree = "<group>"; };
		878FA4532AFA1E4E00B99FC8 /* SILKApp.app */ = {isa = PBXFileReference; explicitFileType = wrapper.application; includeInIndex = 0; path = SILKApp.app; sourceTree = BUILT_PRODUCTS_DIR; };
		878FA4562AFA1E4E00B99FC8 /* AppDelegate.swift */ = {isa = PBXFileReference; lastKnownFileType = sourcecode.swift; path = AppDelegate.swift; sourceTree = "<group>"; };
		878FA45A2AFA1E4E00B99FC8 /* StarterVc.swift */ = {isa = PBXFileReference; lastKnownFileType = sourcecode.swift; path = StarterVc.swift; sourceTree = "<group>"; };
		878FA45D2AFA1E4E00B99FC8 /* Base */ = {isa = PBXFileReference; lastKnownFileType = file.storyboard; name = Base; path = Base.lproj/Main.storyboard; sourceTree = "<group>"; };
		878FA4602AFA1E4E00B99FC8 /* SILKApp.xcdatamodel */ = {isa = PBXFileReference; lastKnownFileType = wrapper.xcdatamodel; path = SILKApp.xcdatamodel; sourceTree = "<group>"; };
		878FA4622AFA1E4F00B99FC8 /* Assets.xcassets */ = {isa = PBXFileReference; lastKnownFileType = folder.assetcatalog; path = Assets.xcassets; sourceTree = "<group>"; };
		878FA4672AFA1E4F00B99FC8 /* Info.plist */ = {isa = PBXFileReference; lastKnownFileType = text.plist.xml; path = Info.plist; sourceTree = "<group>"; };
		878FA46C2AFA1E4F00B99FC8 /* SILKAppTests.xctest */ = {isa = PBXFileReference; explicitFileType = wrapper.cfbundle; includeInIndex = 0; path = SILKAppTests.xctest; sourceTree = BUILT_PRODUCTS_DIR; };
		878FA4702AFA1E4F00B99FC8 /* SILKAppTests.swift */ = {isa = PBXFileReference; lastKnownFileType = sourcecode.swift; path = SILKAppTests.swift; sourceTree = "<group>"; };
		878FA4762AFA1E4F00B99FC8 /* SILKAppUITests.xctest */ = {isa = PBXFileReference; explicitFileType = wrapper.cfbundle; includeInIndex = 0; path = SILKAppUITests.xctest; sourceTree = BUILT_PRODUCTS_DIR; };
		878FA47A2AFA1E4F00B99FC8 /* SILKAppUITests.swift */ = {isa = PBXFileReference; lastKnownFileType = sourcecode.swift; path = SILKAppUITests.swift; sourceTree = "<group>"; };
		878FA47C2AFA1E4F00B99FC8 /* SILKAppUITestsLaunchTests.swift */ = {isa = PBXFileReference; lastKnownFileType = sourcecode.swift; path = SILKAppUITestsLaunchTests.swift; sourceTree = "<group>"; };
		87C4A8C72AFABFAB003D2A99 /* AuthRouter.swift */ = {isa = PBXFileReference; lastKnownFileType = sourcecode.swift; path = AuthRouter.swift; sourceTree = "<group>"; };
		87C4A8CA2AFAC005003D2A99 /* AuthClient.swift */ = {isa = PBXFileReference; lastKnownFileType = sourcecode.swift; path = AuthClient.swift; sourceTree = "<group>"; };
		87C4A8CC2AFAC00F003D2A99 /* AuthService.swift */ = {isa = PBXFileReference; lastKnownFileType = sourcecode.swift; path = AuthService.swift; sourceTree = "<group>"; };
		87C4A8CF2AFAC377003D2A99 /* AuthContainer.swift */ = {isa = PBXFileReference; lastKnownFileType = sourcecode.swift; path = AuthContainer.swift; sourceTree = "<group>"; };
		87C4A8D72AFAC4EF003D2A99 /* HomeRouter.swift */ = {isa = PBXFileReference; lastKnownFileType = sourcecode.swift; path = HomeRouter.swift; sourceTree = "<group>"; };
		87C4A8D92AFAC501003D2A99 /* HomeContainer.swift */ = {isa = PBXFileReference; lastKnownFileType = sourcecode.swift; path = HomeContainer.swift; sourceTree = "<group>"; };
		87C4A8DB2AFAC521003D2A99 /* HomeView.swift */ = {isa = PBXFileReference; lastKnownFileType = sourcecode.swift; path = HomeView.swift; sourceTree = "<group>"; };
		87C4A8DD2AFAC53F003D2A99 /* LoginView.swift */ = {isa = PBXFileReference; lastKnownFileType = sourcecode.swift; path = LoginView.swift; sourceTree = "<group>"; };
		87C4A8DF2AFAC5B4003D2A99 /* SilkButton.swift */ = {isa = PBXFileReference; lastKnownFileType = sourcecode.swift; path = SilkButton.swift; sourceTree = "<group>"; };
		87C4A8E12AFAC608003D2A99 /* LoginVc.swift */ = {isa = PBXFileReference; lastKnownFileType = sourcecode.swift; path = LoginVc.swift; sourceTree = "<group>"; };
		87C4A8EC2AFAE044003D2A99 /* SilkLabel.swift */ = {isa = PBXFileReference; lastKnownFileType = sourcecode.swift; path = SilkLabel.swift; sourceTree = "<group>"; };
		87C4A8EE2AFAE19B003D2A99 /* FontLibrary.swift */ = {isa = PBXFileReference; lastKnownFileType = sourcecode.swift; path = FontLibrary.swift; sourceTree = "<group>"; };
		87C4A8F32AFAE882003D2A99 /* ProximaNova-Semibold.ttf */ = {isa = PBXFileReference; lastKnownFileType = file; path = "ProximaNova-Semibold.ttf"; sourceTree = "<group>"; };
		87C4A8F42AFAE882003D2A99 /* ProximaNova-Regular.ttf */ = {isa = PBXFileReference; lastKnownFileType = file; path = "ProximaNova-Regular.ttf"; sourceTree = "<group>"; };
		87C4A8F72AFAE892003D2A99 /* Gilroy-RegularItalic.ttf */ = {isa = PBXFileReference; lastKnownFileType = file; path = "Gilroy-RegularItalic.ttf"; sourceTree = "<group>"; };
		87C4A8F82AFAE892003D2A99 /* Gilroy-UltraLightItalic.ttf */ = {isa = PBXFileReference; lastKnownFileType = file; path = "Gilroy-UltraLightItalic.ttf"; sourceTree = "<group>"; };
		87C4A8F92AFAE892003D2A99 /* Gilroy-Black.ttf */ = {isa = PBXFileReference; lastKnownFileType = file; path = "Gilroy-Black.ttf"; sourceTree = "<group>"; };
		87C4A8FA2AFAE892003D2A99 /* Gilroy-Regular.ttf */ = {isa = PBXFileReference; lastKnownFileType = file; path = "Gilroy-Regular.ttf"; sourceTree = "<group>"; };
		87C4A8FB2AFAE892003D2A99 /* Gilroy-SemiBold.ttf */ = {isa = PBXFileReference; lastKnownFileType = file; path = "Gilroy-SemiBold.ttf"; sourceTree = "<group>"; };
		87C4A8FC2AFAE892003D2A99 /* Gilroy-ExtraBold.ttf */ = {isa = PBXFileReference; lastKnownFileType = file; path = "Gilroy-ExtraBold.ttf"; sourceTree = "<group>"; };
		87C4A8FD2AFAE892003D2A99 /* Gilroy-BlackItalic.ttf */ = {isa = PBXFileReference; lastKnownFileType = file; path = "Gilroy-BlackItalic.ttf"; sourceTree = "<group>"; };
		87C4A8FE2AFAE892003D2A99 /* Gilroy-Heavy.ttf */ = {isa = PBXFileReference; lastKnownFileType = file; path = "Gilroy-Heavy.ttf"; sourceTree = "<group>"; };
		87C4A8FF2AFAE892003D2A99 /* Gilroy-MediumItalic.ttf */ = {isa = PBXFileReference; lastKnownFileType = file; path = "Gilroy-MediumItalic.ttf"; sourceTree = "<group>"; };
		87C4A9002AFAE892003D2A99 /* Gilroy-SemiBoldItalic.ttf */ = {isa = PBXFileReference; lastKnownFileType = file; path = "Gilroy-SemiBoldItalic.ttf"; sourceTree = "<group>"; };
		87C4A9012AFAE892003D2A99 /* Gilroy-BoldItalic.ttf */ = {isa = PBXFileReference; lastKnownFileType = file; path = "Gilroy-BoldItalic.ttf"; sourceTree = "<group>"; };
		87C4A9022AFAE892003D2A99 /* Gilroy-ExtraBoldItalic.ttf */ = {isa = PBXFileReference; lastKnownFileType = file; path = "Gilroy-ExtraBoldItalic.ttf"; sourceTree = "<group>"; };
		87C4A9032AFAE892003D2A99 /* Gilroy-ThinItalic.ttf */ = {isa = PBXFileReference; lastKnownFileType = file; path = "Gilroy-ThinItalic.ttf"; sourceTree = "<group>"; };
		87C4A9042AFAE892003D2A99 /* Gilroy-LightItalic.ttf */ = {isa = PBXFileReference; lastKnownFileType = file; path = "Gilroy-LightItalic.ttf"; sourceTree = "<group>"; };
		87C4A9052AFAE892003D2A99 /* Gilroy-Bold.ttf */ = {isa = PBXFileReference; lastKnownFileType = file; path = "Gilroy-Bold.ttf"; sourceTree = "<group>"; };
		87C4A9062AFAE892003D2A99 /* Gilroy-Light.ttf */ = {isa = PBXFileReference; lastKnownFileType = file; path = "Gilroy-Light.ttf"; sourceTree = "<group>"; };
		87C4A9072AFAE892003D2A99 /* Gilroy-HeavyItalic.ttf */ = {isa = PBXFileReference; lastKnownFileType = file; path = "Gilroy-HeavyItalic.ttf"; sourceTree = "<group>"; };
		87C4A9082AFAE892003D2A99 /* Gilroy-Thin.ttf */ = {isa = PBXFileReference; lastKnownFileType = file; path = "Gilroy-Thin.ttf"; sourceTree = "<group>"; };
		87C4A9092AFAE892003D2A99 /* Gilroy-Medium.ttf */ = {isa = PBXFileReference; lastKnownFileType = file; path = "Gilroy-Medium.ttf"; sourceTree = "<group>"; };
		87C4A90A2AFAE892003D2A99 /* Gilroy-UltraLight.ttf */ = {isa = PBXFileReference; lastKnownFileType = file; path = "Gilroy-UltraLight.ttf"; sourceTree = "<group>"; };
		87C4A9212AFAEAE6003D2A99 /* Color.swift */ = {isa = PBXFileReference; lastKnownFileType = sourcecode.swift; path = Color.swift; sourceTree = "<group>"; };
		C5B00C32D05D87E1DDC16E57 /* Pods_SILKAppTests.framework */ = {isa = PBXFileReference; explicitFileType = wrapper.framework; includeInIndex = 0; path = Pods_SILKAppTests.framework; sourceTree = BUILT_PRODUCTS_DIR; };
		F0BB08E79FDE5D32B1F4DEEA /* Pods-SILKApp.release.xcconfig */ = {isa = PBXFileReference; includeInIndex = 1; lastKnownFileType = text.xcconfig; name = "Pods-SILKApp.release.xcconfig"; path = "Target Support Files/Pods-SILKApp/Pods-SILKApp.release.xcconfig"; sourceTree = "<group>"; };
		FD744F25C43A06AE2B970FE4 /* Pods_SILKApp_SILKAppUITests.framework */ = {isa = PBXFileReference; explicitFileType = wrapper.framework; includeInIndex = 0; path = Pods_SILKApp_SILKAppUITests.framework; sourceTree = BUILT_PRODUCTS_DIR; };
/* End PBXFileReference section */

/* Begin PBXFrameworksBuildPhase section */
		878FA4502AFA1E4D00B99FC8 /* Frameworks */ = {
			isa = PBXFrameworksBuildPhase;
			buildActionMask = 2147483647;
			files = (
				F49DFD74F9C82CD205B8B165 /* Pods_SILKApp.framework in Frameworks */,
			);
			runOnlyForDeploymentPostprocessing = 0;
		};
		878FA4692AFA1E4F00B99FC8 /* Frameworks */ = {
			isa = PBXFrameworksBuildPhase;
			buildActionMask = 2147483647;
			files = (
				F39B95BECBC3427BFBDAC70C /* Pods_SILKAppTests.framework in Frameworks */,
			);
			runOnlyForDeploymentPostprocessing = 0;
		};
		878FA4732AFA1E4F00B99FC8 /* Frameworks */ = {
			isa = PBXFrameworksBuildPhase;
			buildActionMask = 2147483647;
			files = (
				C5C4449999F4BE4D59E4E812 /* Pods_SILKApp_SILKAppUITests.framework in Frameworks */,
			);
			runOnlyForDeploymentPostprocessing = 0;
		};
/* End PBXFrameworksBuildPhase section */

/* Begin PBXGroup section */
		878FA44A2AFA1E4D00B99FC8 = {
			isa = PBXGroup;
			children = (
				878FA4552AFA1E4E00B99FC8 /* SILKApp */,
				878FA46F2AFA1E4F00B99FC8 /* SILKAppTests */,
				878FA4792AFA1E4F00B99FC8 /* SILKAppUITests */,
				878FA4542AFA1E4E00B99FC8 /* Products */,
				DADFCCC493F277FB1C328214 /* Pods */,
				9C608C57EE00756E154551E4 /* Frameworks */,
			);
			sourceTree = "<group>";
		};
		878FA4542AFA1E4E00B99FC8 /* Products */ = {
			isa = PBXGroup;
			children = (
				878FA4532AFA1E4E00B99FC8 /* SILKApp.app */,
				878FA46C2AFA1E4F00B99FC8 /* SILKAppTests.xctest */,
				878FA4762AFA1E4F00B99FC8 /* SILKAppUITests.xctest */,
			);
			name = Products;
			sourceTree = "<group>";
		};
		878FA4552AFA1E4E00B99FC8 /* SILKApp */ = {
			isa = PBXGroup;
			children = (
				87C4A8C22AFABF35003D2A99 /* apps */,
				878FA4562AFA1E4E00B99FC8 /* AppDelegate.swift */,
				878FA45A2AFA1E4E00B99FC8 /* StarterVc.swift */,
				878FA45C2AFA1E4E00B99FC8 /* Main.storyboard */,
				878FA4622AFA1E4F00B99FC8 /* Assets.xcassets */,
				878FA4672AFA1E4F00B99FC8 /* Info.plist */,
				878FA45F2AFA1E4E00B99FC8 /* SILKApp.xcdatamodeld */,
			);
			path = SILKApp;
			sourceTree = "<group>";
		};
		878FA46F2AFA1E4F00B99FC8 /* SILKAppTests */ = {
			isa = PBXGroup;
			children = (
				878FA4702AFA1E4F00B99FC8 /* SILKAppTests.swift */,
			);
			path = SILKAppTests;
			sourceTree = "<group>";
		};
		878FA4792AFA1E4F00B99FC8 /* SILKAppUITests */ = {
			isa = PBXGroup;
			children = (
				878FA47A2AFA1E4F00B99FC8 /* SILKAppUITests.swift */,
				878FA47C2AFA1E4F00B99FC8 /* SILKAppUITestsLaunchTests.swift */,
			);
			path = SILKAppUITests;
			sourceTree = "<group>";
		};
		878FA48A2AFA347900B99FC8 /* auth */ = {
			isa = PBXGroup;
			children = (
				87C4A8CE2AFAC34F003D2A99 /* ui */,
				87C4A8C62AFABF84003D2A99 /* client */,
				87C4A8C52AFABF80003D2A99 /* service */,
				87C4A8C42AFABF73003D2A99 /* configuration */,
				87C4A8C32AFABF67003D2A99 /* router */,
			);
			path = auth;
			sourceTree = "<group>";
		};
		878FA48B2AFA34AA00B99FC8 /* login */ = {
			isa = PBXGroup;
			children = (
				87C4A8DD2AFAC53F003D2A99 /* LoginView.swift */,
				87C4A8E12AFAC608003D2A99 /* LoginVc.swift */,
			);
			path = login;
			sourceTree = "<group>";
		};
		878FA48C2AFA34B600B99FC8 /* components */ = {
			isa = PBXGroup;
			children = (
				87C4A8F02AFAE6DC003D2A99 /* fonts */,
				87C4A8DF2AFAC5B4003D2A99 /* SilkButton.swift */,
				87C4A8EC2AFAE044003D2A99 /* SilkLabel.swift */,
				87C4A8EE2AFAE19B003D2A99 /* FontLibrary.swift */,
				87C4A9212AFAEAE6003D2A99 /* Color.swift */,
			);
			path = components;
			sourceTree = "<group>";
		};
		87C4A8C22AFABF35003D2A99 /* apps */ = {
			isa = PBXGroup;
			children = (
				87C4A8D12AFAC4A1003D2A99 /* home */,
				878FA48C2AFA34B600B99FC8 /* components */,
				878FA48A2AFA347900B99FC8 /* auth */,
			);
			path = apps;
			sourceTree = "<group>";
		};
		87C4A8C32AFABF67003D2A99 /* router */ = {
			isa = PBXGroup;
			children = (
				87C4A8C72AFABFAB003D2A99 /* AuthRouter.swift */,
			);
			path = router;
			sourceTree = "<group>";
		};
		87C4A8C42AFABF73003D2A99 /* configuration */ = {
			isa = PBXGroup;
			children = (
				87C4A8CF2AFAC377003D2A99 /* AuthContainer.swift */,
			);
			path = configuration;
			sourceTree = "<group>";
		};
		87C4A8C52AFABF80003D2A99 /* service */ = {
			isa = PBXGroup;
			children = (
				87C4A8CC2AFAC00F003D2A99 /* AuthService.swift */,
			);
			path = service;
			sourceTree = "<group>";
		};
		87C4A8C62AFABF84003D2A99 /* client */ = {
			isa = PBXGroup;
			children = (
				87C4A8CA2AFAC005003D2A99 /* AuthClient.swift */,
			);
			path = client;
			sourceTree = "<group>";
		};
		87C4A8CE2AFAC34F003D2A99 /* ui */ = {
			isa = PBXGroup;
			children = (
				878FA48B2AFA34AA00B99FC8 /* login */,
			);
			path = ui;
			sourceTree = "<group>";
		};
		87C4A8D12AFAC4A1003D2A99 /* home */ = {
			isa = PBXGroup;
			children = (
				87C4A8D62AFAC4E4003D2A99 /* router */,
				87C4A8D52AFAC4D3003D2A99 /* configuration */,
				87C4A8D22AFAC4B4003D2A99 /* ui */,
			);
			path = home;
			sourceTree = "<group>";
		};
		87C4A8D22AFAC4B4003D2A99 /* ui */ = {
			isa = PBXGroup;
			children = (
				87C4A8DB2AFAC521003D2A99 /* HomeView.swift */,
			);
			path = ui;
			sourceTree = "<group>";
		};
		87C4A8D52AFAC4D3003D2A99 /* configuration */ = {
			isa = PBXGroup;
			children = (
				87C4A8D92AFAC501003D2A99 /* HomeContainer.swift */,
			);
			path = configuration;
			sourceTree = "<group>";
		};
		87C4A8D62AFAC4E4003D2A99 /* router */ = {
			isa = PBXGroup;
			children = (
				87C4A8D72AFAC4EF003D2A99 /* HomeRouter.swift */,
			);
			path = router;
			sourceTree = "<group>";
		};
		87C4A8F02AFAE6DC003D2A99 /* fonts */ = {
			isa = PBXGroup;
			children = (
				87C4A8F22AFAE730003D2A99 /* proximaNova */,
				87C4A8F12AFAE71F003D2A99 /* gilroy */,
			);
			path = fonts;
			sourceTree = "<group>";
		};
		87C4A8F12AFAE71F003D2A99 /* gilroy */ = {
			isa = PBXGroup;
			children = (
				87C4A8F92AFAE892003D2A99 /* Gilroy-Black.ttf */,
				87C4A8FD2AFAE892003D2A99 /* Gilroy-BlackItalic.ttf */,
				87C4A9052AFAE892003D2A99 /* Gilroy-Bold.ttf */,
				87C4A9012AFAE892003D2A99 /* Gilroy-BoldItalic.ttf */,
				87C4A8FC2AFAE892003D2A99 /* Gilroy-ExtraBold.ttf */,
				87C4A9022AFAE892003D2A99 /* Gilroy-ExtraBoldItalic.ttf */,
				87C4A8FE2AFAE892003D2A99 /* Gilroy-Heavy.ttf */,
				87C4A9072AFAE892003D2A99 /* Gilroy-HeavyItalic.ttf */,
				87C4A9062AFAE892003D2A99 /* Gilroy-Light.ttf */,
				87C4A9042AFAE892003D2A99 /* Gilroy-LightItalic.ttf */,
				87C4A9092AFAE892003D2A99 /* Gilroy-Medium.ttf */,
				87C4A8FF2AFAE892003D2A99 /* Gilroy-MediumItalic.ttf */,
				87C4A8FA2AFAE892003D2A99 /* Gilroy-Regular.ttf */,
				87C4A8F72AFAE892003D2A99 /* Gilroy-RegularItalic.ttf */,
				87C4A8FB2AFAE892003D2A99 /* Gilroy-SemiBold.ttf */,
				87C4A9002AFAE892003D2A99 /* Gilroy-SemiBoldItalic.ttf */,
				87C4A9082AFAE892003D2A99 /* Gilroy-Thin.ttf */,
				87C4A9032AFAE892003D2A99 /* Gilroy-ThinItalic.ttf */,
				87C4A90A2AFAE892003D2A99 /* Gilroy-UltraLight.ttf */,
				87C4A8F82AFAE892003D2A99 /* Gilroy-UltraLightItalic.ttf */,
			);
			path = gilroy;
			sourceTree = "<group>";
		};
		87C4A8F22AFAE730003D2A99 /* proximaNova */ = {
			isa = PBXGroup;
			children = (
				87C4A8F42AFAE882003D2A99 /* ProximaNova-Regular.ttf */,
				87C4A8F32AFAE882003D2A99 /* ProximaNova-Semibold.ttf */,
			);
			path = proximaNova;
			sourceTree = "<group>";
		};
		9C608C57EE00756E154551E4 /* Frameworks */ = {
			isa = PBXGroup;
			children = (
				0093481700D137DF711392D6 /* Pods_SILKApp.framework */,
				FD744F25C43A06AE2B970FE4 /* Pods_SILKApp_SILKAppUITests.framework */,
				C5B00C32D05D87E1DDC16E57 /* Pods_SILKAppTests.framework */,
			);
			name = Frameworks;
			sourceTree = "<group>";
		};
		DADFCCC493F277FB1C328214 /* Pods */ = {
			isa = PBXGroup;
			children = (
				7E184F8A9B0F45FC69E93273 /* Pods-SILKApp.debug.xcconfig */,
				F0BB08E79FDE5D32B1F4DEEA /* Pods-SILKApp.release.xcconfig */,
				14D78CA010EDA800CD9FD7DF /* Pods-SILKApp-SILKAppUITests.debug.xcconfig */,
				491AA9183467B521AD2A9BD5 /* Pods-SILKApp-SILKAppUITests.release.xcconfig */,
				3D85B2E524365D8BF64FE42A /* Pods-SILKAppTests.debug.xcconfig */,
				071E6D525A5BFB16A92A555D /* Pods-SILKAppTests.release.xcconfig */,
			);
			path = Pods;
			sourceTree = "<group>";
		};
/* End PBXGroup section */

/* Begin PBXNativeTarget section */
		878FA4522AFA1E4D00B99FC8 /* SILKApp */ = {
			isa = PBXNativeTarget;
			buildConfigurationList = 878FA4802AFA1E4F00B99FC8 /* Build configuration list for PBXNativeTarget "SILKApp" */;
			buildPhases = (
				4E2EB01CB0629889569824DA /* [CP] Check Pods Manifest.lock */,
				878FA44F2AFA1E4D00B99FC8 /* Sources */,
				878FA4502AFA1E4D00B99FC8 /* Frameworks */,
				878FA4512AFA1E4D00B99FC8 /* Resources */,
				B029FF3B4352C1602F6C4FE6 /* [CP] Embed Pods Frameworks */,
			);
			buildRules = (
			);
			dependencies = (
			);
			name = SILKApp;
			productName = SILKApp;
			productReference = 878FA4532AFA1E4E00B99FC8 /* SILKApp.app */;
			productType = "com.apple.product-type.application";
		};
		878FA46B2AFA1E4F00B99FC8 /* SILKAppTests */ = {
			isa = PBXNativeTarget;
			buildConfigurationList = 878FA4832AFA1E4F00B99FC8 /* Build configuration list for PBXNativeTarget "SILKAppTests" */;
			buildPhases = (
				5452F47A59D599AD750BE144 /* [CP] Check Pods Manifest.lock */,
				878FA4682AFA1E4F00B99FC8 /* Sources */,
				878FA4692AFA1E4F00B99FC8 /* Frameworks */,
				878FA46A2AFA1E4F00B99FC8 /* Resources */,
			);
			buildRules = (
			);
			dependencies = (
				878FA46E2AFA1E4F00B99FC8 /* PBXTargetDependency */,
			);
			name = SILKAppTests;
			productName = SILKAppTests;
			productReference = 878FA46C2AFA1E4F00B99FC8 /* SILKAppTests.xctest */;
			productType = "com.apple.product-type.bundle.unit-test";
		};
		878FA4752AFA1E4F00B99FC8 /* SILKAppUITests */ = {
			isa = PBXNativeTarget;
			buildConfigurationList = 878FA4862AFA1E4F00B99FC8 /* Build configuration list for PBXNativeTarget "SILKAppUITests" */;
			buildPhases = (
				18FA3FAC3D76878FB0B906E5 /* [CP] Check Pods Manifest.lock */,
				878FA4722AFA1E4F00B99FC8 /* Sources */,
				878FA4732AFA1E4F00B99FC8 /* Frameworks */,
				878FA4742AFA1E4F00B99FC8 /* Resources */,
				FD363A688EACD20567947999 /* [CP] Embed Pods Frameworks */,
			);
			buildRules = (
			);
			dependencies = (
				878FA4782AFA1E4F00B99FC8 /* PBXTargetDependency */,
			);
			name = SILKAppUITests;
			productName = SILKAppUITests;
			productReference = 878FA4762AFA1E4F00B99FC8 /* SILKAppUITests.xctest */;
			productType = "com.apple.product-type.bundle.ui-testing";
		};
/* End PBXNativeTarget section */

/* Begin PBXProject section */
		878FA44B2AFA1E4D00B99FC8 /* Project object */ = {
			isa = PBXProject;
			attributes = {
				BuildIndependentTargetsInParallel = 1;
				LastSwiftUpdateCheck = 1430;
				LastUpgradeCheck = 1430;
				TargetAttributes = {
					878FA4522AFA1E4D00B99FC8 = {
						CreatedOnToolsVersion = 14.3;
					};
					878FA46B2AFA1E4F00B99FC8 = {
						CreatedOnToolsVersion = 14.3;
						TestTargetID = 878FA4522AFA1E4D00B99FC8;
					};
					878FA4752AFA1E4F00B99FC8 = {
						CreatedOnToolsVersion = 14.3;
						TestTargetID = 878FA4522AFA1E4D00B99FC8;
					};
				};
			};
			buildConfigurationList = 878FA44E2AFA1E4D00B99FC8 /* Build configuration list for PBXProject "SILKApp" */;
			compatibilityVersion = "Xcode 14.0";
			developmentRegion = en;
			hasScannedForEncodings = 0;
			knownRegions = (
				en,
				Base,
			);
			mainGroup = 878FA44A2AFA1E4D00B99FC8;
			productRefGroup = 878FA4542AFA1E4E00B99FC8 /* Products */;
			projectDirPath = "";
			projectRoot = "";
			targets = (
				878FA4522AFA1E4D00B99FC8 /* SILKApp */,
				878FA46B2AFA1E4F00B99FC8 /* SILKAppTests */,
				878FA4752AFA1E4F00B99FC8 /* SILKAppUITests */,
			);
		};
/* End PBXProject section */

/* Begin PBXResourcesBuildPhase section */
		878FA4512AFA1E4D00B99FC8 /* Resources */ = {
			isa = PBXResourcesBuildPhase;
			buildActionMask = 2147483647;
			files = (
				87C4A91D2AFAE892003D2A99 /* Gilroy-Medium.ttf in Resources */,
				87C4A9122AFAE892003D2A99 /* Gilroy-Heavy.ttf in Resources */,
				87C4A9112AFAE892003D2A99 /* Gilroy-BlackItalic.ttf in Resources */,
				878FA4632AFA1E4F00B99FC8 /* Assets.xcassets in Resources */,
				87C4A91C2AFAE892003D2A99 /* Gilroy-Thin.ttf in Resources */,
				87C4A91A2AFAE892003D2A99 /* Gilroy-Light.ttf in Resources */,
				87C4A9172AFAE892003D2A99 /* Gilroy-ThinItalic.ttf in Resources */,
				87C4A9142AFAE892003D2A99 /* Gilroy-SemiBoldItalic.ttf in Resources */,
				87C4A9162AFAE892003D2A99 /* Gilroy-ExtraBoldItalic.ttf in Resources */,
				87C4A90F2AFAE892003D2A99 /* Gilroy-SemiBold.ttf in Resources */,
				87C4A9102AFAE892003D2A99 /* Gilroy-ExtraBold.ttf in Resources */,
				878FA45E2AFA1E4E00B99FC8 /* Main.storyboard in Resources */,
				87C4A90C2AFAE892003D2A99 /* Gilroy-UltraLightItalic.ttf in Resources */,
				87C4A9152AFAE892003D2A99 /* Gilroy-BoldItalic.ttf in Resources */,
				87C4A91B2AFAE892003D2A99 /* Gilroy-HeavyItalic.ttf in Resources */,
				87C4A90E2AFAE892003D2A99 /* Gilroy-Regular.ttf in Resources */,
				87C4A8F62AFAE882003D2A99 /* ProximaNova-Regular.ttf in Resources */,
				87C4A90B2AFAE892003D2A99 /* Gilroy-RegularItalic.ttf in Resources */,
				87C4A90D2AFAE892003D2A99 /* Gilroy-Black.ttf in Resources */,
				87C4A9132AFAE892003D2A99 /* Gilroy-MediumItalic.ttf in Resources */,
				87C4A91E2AFAE892003D2A99 /* Gilroy-UltraLight.ttf in Resources */,
				87C4A8F52AFAE882003D2A99 /* ProximaNova-Semibold.ttf in Resources */,
				87C4A9192AFAE892003D2A99 /* Gilroy-Bold.ttf in Resources */,
				87C4A9182AFAE892003D2A99 /* Gilroy-LightItalic.ttf in Resources */,
			);
			runOnlyForDeploymentPostprocessing = 0;
		};
		878FA46A2AFA1E4F00B99FC8 /* Resources */ = {
			isa = PBXResourcesBuildPhase;
			buildActionMask = 2147483647;
			files = (
			);
			runOnlyForDeploymentPostprocessing = 0;
		};
		878FA4742AFA1E4F00B99FC8 /* Resources */ = {
			isa = PBXResourcesBuildPhase;
			buildActionMask = 2147483647;
			files = (
			);
			runOnlyForDeploymentPostprocessing = 0;
		};
/* End PBXResourcesBuildPhase section */

/* Begin PBXShellScriptBuildPhase section */
		18FA3FAC3D76878FB0B906E5 /* [CP] Check Pods Manifest.lock */ = {
			isa = PBXShellScriptBuildPhase;
			buildActionMask = 2147483647;
			files = (
			);
			inputFileListPaths = (
			);
			inputPaths = (
				"${PODS_PODFILE_DIR_PATH}/Podfile.lock",
				"${PODS_ROOT}/Manifest.lock",
			);
			name = "[CP] Check Pods Manifest.lock";
			outputFileListPaths = (
			);
			outputPaths = (
				"$(DERIVED_FILE_DIR)/Pods-SILKApp-SILKAppUITests-checkManifestLockResult.txt",
			);
			runOnlyForDeploymentPostprocessing = 0;
			shellPath = /bin/sh;
			shellScript = "diff \"${PODS_PODFILE_DIR_PATH}/Podfile.lock\" \"${PODS_ROOT}/Manifest.lock\" > /dev/null\nif [ $? != 0 ] ; then\n    # print error to STDERR\n    echo \"error: The sandbox is not in sync with the Podfile.lock. Run 'pod install' or update your CocoaPods installation.\" >&2\n    exit 1\nfi\n# This output is used by Xcode 'outputs' to avoid re-running this script phase.\necho \"SUCCESS\" > \"${SCRIPT_OUTPUT_FILE_0}\"\n";
			showEnvVarsInLog = 0;
		};
		4E2EB01CB0629889569824DA /* [CP] Check Pods Manifest.lock */ = {
			isa = PBXShellScriptBuildPhase;
			buildActionMask = 2147483647;
			files = (
			);
			inputFileListPaths = (
			);
			inputPaths = (
				"${PODS_PODFILE_DIR_PATH}/Podfile.lock",
				"${PODS_ROOT}/Manifest.lock",
			);
			name = "[CP] Check Pods Manifest.lock";
			outputFileListPaths = (
			);
			outputPaths = (
				"$(DERIVED_FILE_DIR)/Pods-SILKApp-checkManifestLockResult.txt",
			);
			runOnlyForDeploymentPostprocessing = 0;
			shellPath = /bin/sh;
			shellScript = "diff \"${PODS_PODFILE_DIR_PATH}/Podfile.lock\" \"${PODS_ROOT}/Manifest.lock\" > /dev/null\nif [ $? != 0 ] ; then\n    # print error to STDERR\n    echo \"error: The sandbox is not in sync with the Podfile.lock. Run 'pod install' or update your CocoaPods installation.\" >&2\n    exit 1\nfi\n# This output is used by Xcode 'outputs' to avoid re-running this script phase.\necho \"SUCCESS\" > \"${SCRIPT_OUTPUT_FILE_0}\"\n";
			showEnvVarsInLog = 0;
		};
		5452F47A59D599AD750BE144 /* [CP] Check Pods Manifest.lock */ = {
			isa = PBXShellScriptBuildPhase;
			buildActionMask = 2147483647;
			files = (
			);
			inputFileListPaths = (
			);
			inputPaths = (
				"${PODS_PODFILE_DIR_PATH}/Podfile.lock",
				"${PODS_ROOT}/Manifest.lock",
			);
			name = "[CP] Check Pods Manifest.lock";
			outputFileListPaths = (
			);
			outputPaths = (
				"$(DERIVED_FILE_DIR)/Pods-SILKAppTests-checkManifestLockResult.txt",
			);
			runOnlyForDeploymentPostprocessing = 0;
			shellPath = /bin/sh;
			shellScript = "diff \"${PODS_PODFILE_DIR_PATH}/Podfile.lock\" \"${PODS_ROOT}/Manifest.lock\" > /dev/null\nif [ $? != 0 ] ; then\n    # print error to STDERR\n    echo \"error: The sandbox is not in sync with the Podfile.lock. Run 'pod install' or update your CocoaPods installation.\" >&2\n    exit 1\nfi\n# This output is used by Xcode 'outputs' to avoid re-running this script phase.\necho \"SUCCESS\" > \"${SCRIPT_OUTPUT_FILE_0}\"\n";
			showEnvVarsInLog = 0;
		};
		B029FF3B4352C1602F6C4FE6 /* [CP] Embed Pods Frameworks */ = {
			isa = PBXShellScriptBuildPhase;
			buildActionMask = 2147483647;
			files = (
			);
			inputFileListPaths = (
				"${PODS_ROOT}/Target Support Files/Pods-SILKApp/Pods-SILKApp-frameworks-${CONFIGURATION}-input-files.xcfilelist",
			);
			name = "[CP] Embed Pods Frameworks";
			outputFileListPaths = (
				"${PODS_ROOT}/Target Support Files/Pods-SILKApp/Pods-SILKApp-frameworks-${CONFIGURATION}-output-files.xcfilelist",
			);
			runOnlyForDeploymentPostprocessing = 0;
			shellPath = /bin/sh;
			shellScript = "\"${PODS_ROOT}/Target Support Files/Pods-SILKApp/Pods-SILKApp-frameworks.sh\"\n";
			showEnvVarsInLog = 0;
		};
		FD363A688EACD20567947999 /* [CP] Embed Pods Frameworks */ = {
			isa = PBXShellScriptBuildPhase;
			buildActionMask = 2147483647;
			files = (
			);
			inputFileListPaths = (
				"${PODS_ROOT}/Target Support Files/Pods-SILKApp-SILKAppUITests/Pods-SILKApp-SILKAppUITests-frameworks-${CONFIGURATION}-input-files.xcfilelist",
			);
			name = "[CP] Embed Pods Frameworks";
			outputFileListPaths = (
				"${PODS_ROOT}/Target Support Files/Pods-SILKApp-SILKAppUITests/Pods-SILKApp-SILKAppUITests-frameworks-${CONFIGURATION}-output-files.xcfilelist",
			);
			runOnlyForDeploymentPostprocessing = 0;
			shellPath = /bin/sh;
			shellScript = "\"${PODS_ROOT}/Target Support Files/Pods-SILKApp-SILKAppUITests/Pods-SILKApp-SILKAppUITests-frameworks.sh\"\n";
			showEnvVarsInLog = 0;
		};
/* End PBXShellScriptBuildPhase section */

/* Begin PBXSourcesBuildPhase section */
		878FA44F2AFA1E4D00B99FC8 /* Sources */ = {
			isa = PBXSourcesBuildPhase;
			buildActionMask = 2147483647;
			files = (
				87C4A8DA2AFAC501003D2A99 /* HomeContainer.swift in Sources */,
				87C4A8ED2AFAE044003D2A99 /* SilkLabel.swift in Sources */,
				87C4A8EF2AFAE19B003D2A99 /* FontLibrary.swift in Sources */,
				878FA4612AFA1E4E00B99FC8 /* SILKApp.xcdatamodeld in Sources */,
				878FA45B2AFA1E4E00B99FC8 /* StarterVc.swift in Sources */,
				87C4A9222AFAEAE6003D2A99 /* Color.swift in Sources */,
				87C4A8E02AFAC5B4003D2A99 /* SilkButton.swift in Sources */,
				87C4A8E22AFAC608003D2A99 /* LoginVc.swift in Sources */,
				87C4A8C82AFABFAB003D2A99 /* AuthRouter.swift in Sources */,
				87C4A8D02AFAC377003D2A99 /* AuthContainer.swift in Sources */,
				87C4A8DC2AFAC521003D2A99 /* HomeView.swift in Sources */,
				87C4A8DE2AFAC53F003D2A99 /* LoginView.swift in Sources */,
				878FA4572AFA1E4E00B99FC8 /* AppDelegate.swift in Sources */,
				87C4A8CB2AFAC005003D2A99 /* AuthClient.swift in Sources */,
				87C4A8D82AFAC4EF003D2A99 /* HomeRouter.swift in Sources */,
				87C4A8CD2AFAC00F003D2A99 /* AuthService.swift in Sources */,
			);
			runOnlyForDeploymentPostprocessing = 0;
		};
		878FA4682AFA1E4F00B99FC8 /* Sources */ = {
			isa = PBXSourcesBuildPhase;
			buildActionMask = 2147483647;
			files = (
				878FA4712AFA1E4F00B99FC8 /* SILKAppTests.swift in Sources */,
			);
			runOnlyForDeploymentPostprocessing = 0;
		};
		878FA4722AFA1E4F00B99FC8 /* Sources */ = {
			isa = PBXSourcesBuildPhase;
			buildActionMask = 2147483647;
			files = (
				878FA47B2AFA1E4F00B99FC8 /* SILKAppUITests.swift in Sources */,
				878FA47D2AFA1E4F00B99FC8 /* SILKAppUITestsLaunchTests.swift in Sources */,
			);
			runOnlyForDeploymentPostprocessing = 0;
		};
/* End PBXSourcesBuildPhase section */

/* Begin PBXTargetDependency section */
		878FA46E2AFA1E4F00B99FC8 /* PBXTargetDependency */ = {
			isa = PBXTargetDependency;
			target = 878FA4522AFA1E4D00B99FC8 /* SILKApp */;
			targetProxy = 878FA46D2AFA1E4F00B99FC8 /* PBXContainerItemProxy */;
		};
		878FA4782AFA1E4F00B99FC8 /* PBXTargetDependency */ = {
			isa = PBXTargetDependency;
			target = 878FA4522AFA1E4D00B99FC8 /* SILKApp */;
			targetProxy = 878FA4772AFA1E4F00B99FC8 /* PBXContainerItemProxy */;
		};
/* End PBXTargetDependency section */

/* Begin PBXVariantGroup section */
		878FA45C2AFA1E4E00B99FC8 /* Main.storyboard */ = {
			isa = PBXVariantGroup;
			children = (
				878FA45D2AFA1E4E00B99FC8 /* Base */,
			);
			name = Main.storyboard;
			sourceTree = "<group>";
		};
/* End PBXVariantGroup section */

/* Begin XCBuildConfiguration section */
		878FA47E2AFA1E4F00B99FC8 /* Debug */ = {
			isa = XCBuildConfiguration;
			buildSettings = {
				ALWAYS_SEARCH_USER_PATHS = NO;
				CLANG_ANALYZER_NONNULL = YES;
				CLANG_ANALYZER_NUMBER_OBJECT_CONVERSION = YES_AGGRESSIVE;
				CLANG_CXX_LANGUAGE_STANDARD = "gnu++20";
				CLANG_ENABLE_MODULES = YES;
				CLANG_ENABLE_OBJC_ARC = YES;
				CLANG_ENABLE_OBJC_WEAK = YES;
				CLANG_WARN_BLOCK_CAPTURE_AUTORELEASING = YES;
				CLANG_WARN_BOOL_CONVERSION = YES;
				CLANG_WARN_COMMA = YES;
				CLANG_WARN_CONSTANT_CONVERSION = YES;
				CLANG_WARN_DEPRECATED_OBJC_IMPLEMENTATIONS = YES;
				CLANG_WARN_DIRECT_OBJC_ISA_USAGE = YES_ERROR;
				CLANG_WARN_DOCUMENTATION_COMMENTS = YES;
				CLANG_WARN_EMPTY_BODY = YES;
				CLANG_WARN_ENUM_CONVERSION = YES;
				CLANG_WARN_INFINITE_RECURSION = YES;
				CLANG_WARN_INT_CONVERSION = YES;
				CLANG_WARN_NON_LITERAL_NULL_CONVERSION = YES;
				CLANG_WARN_OBJC_IMPLICIT_RETAIN_SELF = YES;
				CLANG_WARN_OBJC_LITERAL_CONVERSION = YES;
				CLANG_WARN_OBJC_ROOT_CLASS = YES_ERROR;
				CLANG_WARN_QUOTED_INCLUDE_IN_FRAMEWORK_HEADER = YES;
				CLANG_WARN_RANGE_LOOP_ANALYSIS = YES;
				CLANG_WARN_STRICT_PROTOTYPES = YES;
				CLANG_WARN_SUSPICIOUS_MOVE = YES;
				CLANG_WARN_UNGUARDED_AVAILABILITY = YES_AGGRESSIVE;
				CLANG_WARN_UNREACHABLE_CODE = YES;
				CLANG_WARN__DUPLICATE_METHOD_MATCH = YES;
				COPY_PHASE_STRIP = NO;
				DEBUG_INFORMATION_FORMAT = dwarf;
				ENABLE_STRICT_OBJC_MSGSEND = YES;
				ENABLE_TESTABILITY = YES;
				GCC_C_LANGUAGE_STANDARD = gnu11;
				GCC_DYNAMIC_NO_PIC = NO;
				GCC_NO_COMMON_BLOCKS = YES;
				GCC_OPTIMIZATION_LEVEL = 0;
				GCC_PREPROCESSOR_DEFINITIONS = (
					"DEBUG=1",
					"$(inherited)",
				);
				GCC_WARN_64_TO_32_BIT_CONVERSION = YES;
				GCC_WARN_ABOUT_RETURN_TYPE = YES_ERROR;
				GCC_WARN_UNDECLARED_SELECTOR = YES;
				GCC_WARN_UNINITIALIZED_AUTOS = YES_AGGRESSIVE;
				GCC_WARN_UNUSED_FUNCTION = YES;
				GCC_WARN_UNUSED_VARIABLE = YES;
				IPHONEOS_DEPLOYMENT_TARGET = 16.4;
				MTL_ENABLE_DEBUG_INFO = INCLUDE_SOURCE;
				MTL_FAST_MATH = YES;
				ONLY_ACTIVE_ARCH = YES;
				SDKROOT = iphoneos;
				SWIFT_ACTIVE_COMPILATION_CONDITIONS = DEBUG;
				SWIFT_OPTIMIZATION_LEVEL = "-Onone";
			};
			name = Debug;
		};
		878FA47F2AFA1E4F00B99FC8 /* Release */ = {
			isa = XCBuildConfiguration;
			buildSettings = {
				ALWAYS_SEARCH_USER_PATHS = NO;
				CLANG_ANALYZER_NONNULL = YES;
				CLANG_ANALYZER_NUMBER_OBJECT_CONVERSION = YES_AGGRESSIVE;
				CLANG_CXX_LANGUAGE_STANDARD = "gnu++20";
				CLANG_ENABLE_MODULES = YES;
				CLANG_ENABLE_OBJC_ARC = YES;
				CLANG_ENABLE_OBJC_WEAK = YES;
				CLANG_WARN_BLOCK_CAPTURE_AUTORELEASING = YES;
				CLANG_WARN_BOOL_CONVERSION = YES;
				CLANG_WARN_COMMA = YES;
				CLANG_WARN_CONSTANT_CONVERSION = YES;
				CLANG_WARN_DEPRECATED_OBJC_IMPLEMENTATIONS = YES;
				CLANG_WARN_DIRECT_OBJC_ISA_USAGE = YES_ERROR;
				CLANG_WARN_DOCUMENTATION_COMMENTS = YES;
				CLANG_WARN_EMPTY_BODY = YES;
				CLANG_WARN_ENUM_CONVERSION = YES;
				CLANG_WARN_INFINITE_RECURSION = YES;
				CLANG_WARN_INT_CONVERSION = YES;
				CLANG_WARN_NON_LITERAL_NULL_CONVERSION = YES;
				CLANG_WARN_OBJC_IMPLICIT_RETAIN_SELF = YES;
				CLANG_WARN_OBJC_LITERAL_CONVERSION = YES;
				CLANG_WARN_OBJC_ROOT_CLASS = YES_ERROR;
				CLANG_WARN_QUOTED_INCLUDE_IN_FRAMEWORK_HEADER = YES;
				CLANG_WARN_RANGE_LOOP_ANALYSIS = YES;
				CLANG_WARN_STRICT_PROTOTYPES = YES;
				CLANG_WARN_SUSPICIOUS_MOVE = YES;
				CLANG_WARN_UNGUARDED_AVAILABILITY = YES_AGGRESSIVE;
				CLANG_WARN_UNREACHABLE_CODE = YES;
				CLANG_WARN__DUPLICATE_METHOD_MATCH = YES;
				COPY_PHASE_STRIP = NO;
				DEBUG_INFORMATION_FORMAT = "dwarf-with-dsym";
				ENABLE_NS_ASSERTIONS = NO;
				ENABLE_STRICT_OBJC_MSGSEND = YES;
				GCC_C_LANGUAGE_STANDARD = gnu11;
				GCC_NO_COMMON_BLOCKS = YES;
				GCC_WARN_64_TO_32_BIT_CONVERSION = YES;
				GCC_WARN_ABOUT_RETURN_TYPE = YES_ERROR;
				GCC_WARN_UNDECLARED_SELECTOR = YES;
				GCC_WARN_UNINITIALIZED_AUTOS = YES_AGGRESSIVE;
				GCC_WARN_UNUSED_FUNCTION = YES;
				GCC_WARN_UNUSED_VARIABLE = YES;
				IPHONEOS_DEPLOYMENT_TARGET = 16.4;
				MTL_ENABLE_DEBUG_INFO = NO;
				MTL_FAST_MATH = YES;
				SDKROOT = iphoneos;
				SWIFT_COMPILATION_MODE = wholemodule;
				SWIFT_OPTIMIZATION_LEVEL = "-O";
				VALIDATE_PRODUCT = YES;
			};
			name = Release;
		};
		878FA4812AFA1E4F00B99FC8 /* Debug */ = {
			isa = XCBuildConfiguration;
			baseConfigurationReference = 7E184F8A9B0F45FC69E93273 /* Pods-SILKApp.debug.xcconfig */;
			buildSettings = {
				ASSETCATALOG_COMPILER_APPICON_NAME = AppIcon;
				ASSETCATALOG_COMPILER_GLOBAL_ACCENT_COLOR_NAME = AccentColor;
				CODE_SIGN_STYLE = Automatic;
				CURRENT_PROJECT_VERSION = 1;
				DEVELOPMENT_TEAM = ZA8Q78HUJT;
				GENERATE_INFOPLIST_FILE = YES;
				INFOPLIST_FILE = SILKApp/Info.plist;
				INFOPLIST_KEY_UIApplicationSupportsIndirectInputEvents = YES;
				INFOPLIST_KEY_UILaunchStoryboardName = "";
				INFOPLIST_KEY_UIMainStoryboardFile = Main;
				INFOPLIST_KEY_UISupportedInterfaceOrientations = UIInterfaceOrientationPortrait;
				LD_RUNPATH_SEARCH_PATHS = (
					"$(inherited)",
					"@executable_path/Frameworks",
				);
				MARKETING_VERSION = 1.0;
				PRODUCT_BUNDLE_IDENTIFIER = "com.astrapay-ios-sdk.SILKApp";
				PRODUCT_NAME = "$(TARGET_NAME)";
				SUPPORTED_PLATFORMS = "iphoneos iphonesimulator";
				SUPPORTS_MACCATALYST = NO;
				SUPPORTS_MAC_DESIGNED_FOR_IPHONE_IPAD = NO;
				SWIFT_EMIT_LOC_STRINGS = YES;
				SWIFT_VERSION = 5.0;
				TARGETED_DEVICE_FAMILY = 1;
			};
			name = Debug;
		};
		878FA4822AFA1E4F00B99FC8 /* Release */ = {
			isa = XCBuildConfiguration;
			baseConfigurationReference = F0BB08E79FDE5D32B1F4DEEA /* Pods-SILKApp.release.xcconfig */;
			buildSettings = {
				ASSETCATALOG_COMPILER_APPICON_NAME = AppIcon;
				ASSETCATALOG_COMPILER_GLOBAL_ACCENT_COLOR_NAME = AccentColor;
				CODE_SIGN_STYLE = Automatic;
				CURRENT_PROJECT_VERSION = 1;
				DEVELOPMENT_TEAM = ZA8Q78HUJT;
				GENERATE_INFOPLIST_FILE = YES;
				INFOPLIST_FILE = SILKApp/Info.plist;
				INFOPLIST_KEY_UIApplicationSupportsIndirectInputEvents = YES;
				INFOPLIST_KEY_UILaunchStoryboardName = "";
				INFOPLIST_KEY_UIMainStoryboardFile = Main;
				INFOPLIST_KEY_UISupportedInterfaceOrientations = UIInterfaceOrientationPortrait;
				LD_RUNPATH_SEARCH_PATHS = (
					"$(inherited)",
					"@executable_path/Frameworks",
				);
				MARKETING_VERSION = 1.0;
				PRODUCT_BUNDLE_IDENTIFIER = "com.astrapay-ios-sdk.SILKApp";
				PRODUCT_NAME = "$(TARGET_NAME)";
				SUPPORTED_PLATFORMS = "iphoneos iphonesimulator";
				SUPPORTS_MACCATALYST = NO;
				SUPPORTS_MAC_DESIGNED_FOR_IPHONE_IPAD = NO;
				SWIFT_EMIT_LOC_STRINGS = YES;
				SWIFT_VERSION = 5.0;
				TARGETED_DEVICE_FAMILY = 1;
			};
			name = Release;
		};
		878FA4842AFA1E4F00B99FC8 /* Debug */ = {
			isa = XCBuildConfiguration;
			baseConfigurationReference = 3D85B2E524365D8BF64FE42A /* Pods-SILKAppTests.debug.xcconfig */;
			buildSettings = {
				ALWAYS_EMBED_SWIFT_STANDARD_LIBRARIES = YES;
				BUNDLE_LOADER = "$(TEST_HOST)";
				CODE_SIGN_STYLE = Automatic;
				CURRENT_PROJECT_VERSION = 1;
				DEVELOPMENT_TEAM = ZA8Q78HUJT;
				GENERATE_INFOPLIST_FILE = YES;
				IPHONEOS_DEPLOYMENT_TARGET = 16.4;
				MARKETING_VERSION = 1.0;
				PRODUCT_BUNDLE_IDENTIFIER = "com.astrapay-ios-sdk.SILKAppTests";
				PRODUCT_NAME = "$(TARGET_NAME)";
				SWIFT_EMIT_LOC_STRINGS = NO;
				SWIFT_VERSION = 5.0;
				TARGETED_DEVICE_FAMILY = "1,2";
				TEST_HOST = "$(BUILT_PRODUCTS_DIR)/SILKApp.app/$(BUNDLE_EXECUTABLE_FOLDER_PATH)/SILKApp";
			};
			name = Debug;
		};
		878FA4852AFA1E4F00B99FC8 /* Release */ = {
			isa = XCBuildConfiguration;
			baseConfigurationReference = 071E6D525A5BFB16A92A555D /* Pods-SILKAppTests.release.xcconfig */;
			buildSettings = {
				ALWAYS_EMBED_SWIFT_STANDARD_LIBRARIES = YES;
				BUNDLE_LOADER = "$(TEST_HOST)";
				CODE_SIGN_STYLE = Automatic;
				CURRENT_PROJECT_VERSION = 1;
				DEVELOPMENT_TEAM = ZA8Q78HUJT;
				GENERATE_INFOPLIST_FILE = YES;
				IPHONEOS_DEPLOYMENT_TARGET = 16.4;
				MARKETING_VERSION = 1.0;
				PRODUCT_BUNDLE_IDENTIFIER = "com.astrapay-ios-sdk.SILKAppTests";
				PRODUCT_NAME = "$(TARGET_NAME)";
				SWIFT_EMIT_LOC_STRINGS = NO;
				SWIFT_VERSION = 5.0;
				TARGETED_DEVICE_FAMILY = "1,2";
				TEST_HOST = "$(BUILT_PRODUCTS_DIR)/SILKApp.app/$(BUNDLE_EXECUTABLE_FOLDER_PATH)/SILKApp";
			};
			name = Release;
		};
		878FA4872AFA1E4F00B99FC8 /* Debug */ = {
			isa = XCBuildConfiguration;
			baseConfigurationReference = 14D78CA010EDA800CD9FD7DF /* Pods-SILKApp-SILKAppUITests.debug.xcconfig */;
			buildSettings = {
				ALWAYS_EMBED_SWIFT_STANDARD_LIBRARIES = YES;
				CODE_SIGN_STYLE = Automatic;
				CURRENT_PROJECT_VERSION = 1;
				DEVELOPMENT_TEAM = ZA8Q78HUJT;
				GENERATE_INFOPLIST_FILE = YES;
				MARKETING_VERSION = 1.0;
				PRODUCT_BUNDLE_IDENTIFIER = "com.astrapay-ios-sdk.SILKAppUITests";
				PRODUCT_NAME = "$(TARGET_NAME)";
				SWIFT_EMIT_LOC_STRINGS = NO;
				SWIFT_VERSION = 5.0;
				TARGETED_DEVICE_FAMILY = "1,2";
				TEST_TARGET_NAME = SILKApp;
			};
			name = Debug;
		};
		878FA4882AFA1E4F00B99FC8 /* Release */ = {
			isa = XCBuildConfiguration;
			baseConfigurationReference = 491AA9183467B521AD2A9BD5 /* Pods-SILKApp-SILKAppUITests.release.xcconfig */;
			buildSettings = {
				ALWAYS_EMBED_SWIFT_STANDARD_LIBRARIES = YES;
				CODE_SIGN_STYLE = Automatic;
				CURRENT_PROJECT_VERSION = 1;
				DEVELOPMENT_TEAM = ZA8Q78HUJT;
				GENERATE_INFOPLIST_FILE = YES;
				MARKETING_VERSION = 1.0;
				PRODUCT_BUNDLE_IDENTIFIER = "com.astrapay-ios-sdk.SILKAppUITests";
				PRODUCT_NAME = "$(TARGET_NAME)";
				SWIFT_EMIT_LOC_STRINGS = NO;
				SWIFT_VERSION = 5.0;
				TARGETED_DEVICE_FAMILY = "1,2";
				TEST_TARGET_NAME = SILKApp;
			};
			name = Release;
		};
/* End XCBuildConfiguration section */

/* Begin XCConfigurationList section */
		878FA44E2AFA1E4D00B99FC8 /* Build configuration list for PBXProject "SILKApp" */ = {
			isa = XCConfigurationList;
			buildConfigurations = (
				878FA47E2AFA1E4F00B99FC8 /* Debug */,
				878FA47F2AFA1E4F00B99FC8 /* Release */,
			);
			defaultConfigurationIsVisible = 0;
			defaultConfigurationName = Release;
		};
		878FA4802AFA1E4F00B99FC8 /* Build configuration list for PBXNativeTarget "SILKApp" */ = {
			isa = XCConfigurationList;
			buildConfigurations = (
				878FA4812AFA1E4F00B99FC8 /* Debug */,
				878FA4822AFA1E4F00B99FC8 /* Release */,
			);
			defaultConfigurationIsVisible = 0;
			defaultConfigurationName = Release;
		};
		878FA4832AFA1E4F00B99FC8 /* Build configuration list for PBXNativeTarget "SILKAppTests" */ = {
			isa = XCConfigurationList;
			buildConfigurations = (
				878FA4842AFA1E4F00B99FC8 /* Debug */,
				878FA4852AFA1E4F00B99FC8 /* Release */,
			);
			defaultConfigurationIsVisible = 0;
			defaultConfigurationName = Release;
		};
		878FA4862AFA1E4F00B99FC8 /* Build configuration list for PBXNativeTarget "SILKAppUITests" */ = {
			isa = XCConfigurationList;
			buildConfigurations = (
				878FA4872AFA1E4F00B99FC8 /* Debug */,
				878FA4882AFA1E4F00B99FC8 /* Release */,
			);
			defaultConfigurationIsVisible = 0;
			defaultConfigurationName = Release;
		};
/* End XCConfigurationList section */

/* Begin XCVersionGroup section */
		878FA45F2AFA1E4E00B99FC8 /* SILKApp.xcdatamodeld */ = {
			isa = XCVersionGroup;
			children = (
				878FA4602AFA1E4E00B99FC8 /* SILKApp.xcdatamodel */,
			);
			currentVersion = 878FA4602AFA1E4E00B99FC8 /* SILKApp.xcdatamodel */;
			path = SILKApp.xcdatamodeld;
			sourceTree = "<group>";
			versionGroupType = wrapper.xcdatamodel;
		};
/* End XCVersionGroup section */
	};
	rootObject = 878FA44B2AFA1E4D00B99FC8 /* Project object */;
}
